
Microsoft Visual Studio Solution File, Format Version 12.00
# Visual Studio 15
VisualStudioVersion = 15.0.28307.438
MinimumVisualStudioVersion = 10.0.40219.1
Project("{FAE04EC0-301F-11D3-BF4B-00C04F79EFBC}") = "XF_Controles.Android", "XF_Controles\XF_Controles.Android\XF_Controles.Android.csproj", "{6A727B80-35A2-4F06-A569-4C095BCCE5AD}"
EndProject
Project("{FAE04EC0-301F-11D3-BF4B-00C04F79EFBC}") = "XF_Controles.iOS", "XF_Controles\XF_Controles.iOS\XF_Controles.iOS.csproj", "{9C3589BC-1AF8-4702-AAB2-DAB507D999A3}"
EndProject
Project("{FAE04EC0-301F-11D3-BF4B-00C04F79EFBC}") = "XF_Controles.UWP", "XF_Controles\XF_Controles.UWP\XF_Controles.UWP.csproj", "{2710574A-078F-4578-80A3-AD2FDD040EB4}"
EndProject
Project("{FAE04EC0-301F-11D3-BF4B-00C04F79EFBC}") = "XF_Controles", "XF_Controles\XF_Controles\XF_Controles.csproj", "{EBF60CFE-5A89-4D0F-B65C-0440ED8075D4}"
EndProject
Global
	GlobalSection(SolutionConfigurationPlatforms) = preSolution
		Ad-Hoc|Any CPU = Ad-Hoc|Any CPU
		Ad-Hoc|ARM = Ad-Hoc|ARM
		Ad-Hoc|iPhone = Ad-Hoc|iPhone
		Ad-Hoc|iPhoneSimulator = Ad-Hoc|iPhoneSimulator
		Ad-Hoc|x64 = Ad-Hoc|x64
		Ad-Hoc|x86 = Ad-Hoc|x86
		AppStore|Any CPU = AppStore|Any CPU
		AppStore|ARM = AppStore|ARM
		AppStore|iPhone = AppStore|iPhone
		AppStore|iPhoneSimulator = AppStore|iPhoneSimulator
		AppStore|x64 = AppStore|x64
		AppStore|x86 = AppStore|x86
		Debug|Any CPU = Debug|Any CPU
		Debug|ARM = Debug|ARM
		Debug|iPhone = Debug|iPhone
		Debug|iPhoneSimulator = Debug|iPhoneSimulator
		Debug|x64 = Debug|x64
		Debug|x86 = Debug|x86
		Release|Any CPU = Release|Any CPU
		Release|ARM = Release|ARM
		Release|iPhone = Release|iPhone
		Release|iPhoneSimulator = Release|iPhoneSimulator
		Release|x64 = Release|x64
		Release|x86 = Release|x86
	EndGlobalSection
	GlobalSection(ProjectConfigurationPlatforms) = postSolution
		{6A727B80-35A2-4F06-A569-4C095BCCE5AD}.Ad-Hoc|Any CPU.ActiveCfg = Release|Any CPU
		{6A727B80-35A2-4F06-A569-4C095BCCE5AD}.Ad-Hoc|Any CPU.Build.0 = Release|Any CPU
		{6A727B80-35A2-4F06-A569-4C095BCCE5AD}.Ad-Hoc|Any CPU.Deploy.0 = Release|Any CPU
		{6A727B80-35A2-4F06-A569-4C095BCCE5AD}.Ad-Hoc|ARM.ActiveCfg = Release|Any CPU
		{6A727B80-35A2-4F06-A569-4C095BCCE5AD}.Ad-Hoc|ARM.Build.0 = Release|Any CPU
		{6A727B80-35A2-4F06-A569-4C095BCCE5AD}.Ad-Hoc|ARM.Deploy.0 = Release|Any CPU
		{6A727B80-35A2-4F06-A569-4C095BCCE5AD}.Ad-Hoc|iPhone.ActiveCfg = Release|Any CPU
		{6A727B80-35A2-4F06-A569-4C095BCCE5AD}.Ad-Hoc|iPhone.Build.0 = Release|Any CPU
		{6A727B80-35A2-4F06-A569-4C095BCCE5AD}.Ad-Hoc|iPhone.Deploy.0 = Release|Any CPU
		{6A727B80-35A2-4F06-A569-4C095BCCE5AD}.Ad-Hoc|iPhoneSimulator.ActiveCfg = Release|Any CPU
		{6A727B80-35A2-4F06-A569-4C095BCCE5AD}.Ad-Hoc|iPhoneSimulator.Build.0 = Release|Any CPU
		{6A727B80-35A2-4F06-A569-4C095BCCE5AD}.Ad-Hoc|iPhoneSimulator.Deploy.0 = Release|Any CPU
		{6A727B80-35A2-4F06-A569-4C095BCCE5AD}.Ad-Hoc|x64.ActiveCfg = Release|Any CPU
		{6A727B80-35A2-4F06-A569-4C095BCCE5AD}.Ad-Hoc|x64.Build.0 = Release|Any CPU
		{6A727B80-35A2-4F06-A569-4C095BCCE5AD}.Ad-Hoc|x64.Deploy.0 = Release|Any CPU
		{6A727B80-35A2-4F06-A569-4C095BCCE5AD}.Ad-Hoc|x86.ActiveCfg = Release|Any CPU
		{6A727B80-35A2-4F06-A569-4C095BCCE5AD}.Ad-Hoc|x86.Build.0 = Release|Any CPU
		{6A727B80-35A2-4F06-A569-4C095BCCE5AD}.Ad-Hoc|x86.Deploy.0 = Release|Any CPU
		{6A727B80-35A2-4F06-A569-4C095BCCE5AD}.AppStore|Any CPU.ActiveCfg = Release|Any CPU
		{6A727B80-35A2-4F06-A569-4C095BCCE5AD}.AppStore|Any CPU.Build.0 = Release|Any CPU
		{6A727B80-35A2-4F06-A569-4C095BCCE5AD}.AppStore|Any CPU.Deploy.0 = Release|Any CPU
		{6A727B80-35A2-4F06-A569-4C095BCCE5AD}.AppStore|ARM.ActiveCfg = Release|Any CPU
		{6A727B80-35A2-4F06-A569-4C095BCCE5AD}.AppStore|ARM.Build.0 = Release|Any CPU
		{6A727B80-35A2-4F06-A569-4C095BCCE5AD}.AppStore|ARM.Deploy.0 = Release|Any CPU
		{6A727B80-35A2-4F06-A569-4C095BCCE5AD}.AppStore|iPhone.ActiveCfg = Release|Any CPU
		{6A727B80-35A2-4F06-A569-4C095BCCE5AD}.AppStore|iPhone.Build.0 = Release|Any CPU
		{6A727B80-35A2-4F06-A569-4C095BCCE5AD}.AppStore|iPhone.Deploy.0 = Release|Any CPU
		{6A727B80-35A2-4F06-A569-4C095BCCE5AD}.AppStore|iPhoneSimulator.ActiveCfg = Release|Any CPU
		{6A727B80-35A2-4F06-A569-4C095BCCE5AD}.AppStore|iPhoneSimulator.Build.0 = Release|Any CPU
		{6A727B80-35A2-4F06-A569-4C095BCCE5AD}.AppStore|iPhoneSimulator.Deploy.0 = Release|Any CPU
		{6A727B80-35A2-4F06-A569-4C095BCCE5AD}.AppStore|x64.ActiveCfg = Release|Any CPU
		{6A727B80-35A2-4F06-A569-4C095BCCE5AD}.AppStore|x64.Build.0 = Release|Any CPU
		{6A727B80-35A2-4F06-A569-4C095BCCE5AD}.AppStore|x64.Deploy.0 = Release|Any CPU
		{6A727B80-35A2-4F06-A569-4C095BCCE5AD}.AppStore|x86.ActiveCfg = Release|Any CPU
		{6A727B80-35A2-4F06-A569-4C095BCCE5AD}.AppStore|x86.Build.0 = Release|Any CPU
		{6A727B80-35A2-4F06-A569-4C095BCCE5AD}.AppStore|x86.Deploy.0 = Release|Any CPU
		{6A727B80-35A2-4F06-A569-4C095BCCE5AD}.Debug|Any CPU.ActiveCfg = Debug|Any CPU
		{6A727B80-35A2-4F06-A569-4C095BCCE5AD}.Debug|Any CPU.Build.0 = Debug|Any CPU
		{6A727B80-35A2-4F06-A569-4C095BCCE5AD}.Debug|Any CPU.Deploy.0 = Debug|Any CPU
		{6A727B80-35A2-4F06-A569-4C095BCCE5AD}.Debug|ARM.ActiveCfg = Debug|Any CPU
		{6A727B80-35A2-4F06-A569-4C095BCCE5AD}.Debug|ARM.Build.0 = Debug|Any CPU
		{6A727B80-35A2-4F06-A569-4C095BCCE5AD}.Debug|ARM.Deploy.0 = Debug|Any CPU
		{6A727B80-35A2-4F06-A569-4C095BCCE5AD}.Debug|iPhone.ActiveCfg = Debug|Any CPU
		{6A727B80-35A2-4F06-A569-4C095BCCE5AD}.Debug|iPhone.Build.0 = Debug|Any CPU
		{6A727B80-35A2-4F06-A569-4C095BCCE5AD}.Debug|iPhone.Deploy.0 = Debug|Any CPU
		{6A727B80-35A2-4F06-A569-4C095BCCE5AD}.Debug|iPhoneSimulator.ActiveCfg = Debug|Any CPU
		{6A727B80-35A2-4F06-A569-4C095BCCE5AD}.Debug|iPhoneSimulator.Build.0 = Debug|Any CPU
		{6A727B80-35A2-4F06-A569-4C095BCCE5AD}.Debug|iPhoneSimulator.Deploy.0 = Debug|Any CPU
		{6A727B80-35A2-4F06-A569-4C095BCCE5AD}.Debug|x64.ActiveCfg = Debug|Any CPU
		{6A727B80-35A2-4F06-A569-4C095BCCE5AD}.Debug|x64.Build.0 = Debug|Any CPU
		{6A727B80-35A2-4F06-A569-4C095BCCE5AD}.Debug|x64.Deploy.0 = Debug|Any CPU
		{6A727B80-35A2-4F06-A569-4C095BCCE5AD}.Debug|x86.ActiveCfg = Debug|Any CPU
		{6A727B80-35A2-4F06-A569-4C095BCCE5AD}.Debug|x86.Build.0 = Debug|Any CPU
		{6A727B80-35A2-4F06-A569-4C095BCCE5AD}.Debug|x86.Deploy.0 = Debug|Any CPU
		{6A727B80-35A2-4F06-A569-4C095BCCE5AD}.Release|Any CPU.ActiveCfg = Release|Any CPU
		{6A727B80-35A2-4F06-A569-4C095BCCE5AD}.Release|Any CPU.Build.0 = Release|Any CPU
		{6A727B80-35A2-4F06-A569-4C095BCCE5AD}.Release|Any CPU.Deploy.0 = Release|Any CPU
		{6A727B80-35A2-4F06-A569-4C095BCCE5AD}.Release|ARM.ActiveCfg = Release|Any CPU
		{6A727B80-35A2-4F06-A569-4C095BCCE5AD}.Release|ARM.Build.0 = Release|Any CPU
		{6A727B80-35A2-4F06-A569-4C095BCCE5AD}.Release|ARM.Deploy.0 = Release|Any CPU
		{6A727B80-35A2-4F06-A569-4C095BCCE5AD}.Release|iPhone.ActiveCfg = Release|Any CPU
		{6A727B80-35A2-4F06-A569-4C095BCCE5AD}.Release|iPhone.Build.0 = Release|Any CPU
		{6A727B80-35A2-4F06-A569-4C095BCCE5AD}.Release|iPhone.Deploy.0 = Release|Any CPU
		{6A727B80-35A2-4F06-A569-4C095BCCE5AD}.Release|iPhoneSimulator.ActiveCfg = Release|Any CPU
		{6A727B80-35A2-4F06-A569-4C095BCCE5AD}.Release|iPhoneSimulator.Build.0 = Release|Any CPU
		{6A727B80-35A2-4F06-A569-4C095BCCE5AD}.Release|iPhoneSimulator.Deploy.0 = Release|Any CPU
		{6A727B80-35A2-4F06-A569-4C095BCCE5AD}.Release|x64.ActiveCfg = Release|Any CPU
		{6A727B80-35A2-4F06-A569-4C095BCCE5AD}.Release|x64.Build.0 = Release|Any CPU
		{6A727B80-35A2-4F06-A569-4C095BCCE5AD}.Release|x64.Deploy.0 = Release|Any CPU
		{6A727B80-35A2-4F06-A569-4C095BCCE5AD}.Release|x86.ActiveCfg = Release|Any CPU
		{6A727B80-35A2-4F06-A569-4C095BCCE5AD}.Release|x86.Build.0 = Release|Any CPU
		{6A727B80-35A2-4F06-A569-4C095BCCE5AD}.Release|x86.Deploy.0 = Release|Any CPU
		{9C3589BC-1AF8-4702-AAB2-DAB507D999A3}.Ad-Hoc|Any CPU.ActiveCfg = Ad-Hoc|iPhone
		{9C3589BC-1AF8-4702-AAB2-DAB507D999A3}.Ad-Hoc|Any CPU.Build.0 = Ad-Hoc|iPhone
		{9C3589BC-1AF8-4702-AAB2-DAB507D999A3}.Ad-Hoc|Any CPU.Deploy.0 = Ad-Hoc|iPhone
		{9C3589BC-1AF8-4702-AAB2-DAB507D999A3}.Ad-Hoc|ARM.ActiveCfg = Ad-Hoc|iPhone
		{9C3589BC-1AF8-4702-AAB2-DAB507D999A3}.Ad-Hoc|ARM.Build.0 = Ad-Hoc|iPhone
		{9C3589BC-1AF8-4702-AAB2-DAB507D999A3}.Ad-Hoc|ARM.Deploy.0 = Ad-Hoc|iPhone
		{9C3589BC-1AF8-4702-AAB2-DAB507D999A3}.Ad-Hoc|iPhone.ActiveCfg = Ad-Hoc|iPhone
		{9C3589BC-1AF8-4702-AAB2-DAB507D999A3}.Ad-Hoc|iPhone.Build.0 = Ad-Hoc|iPhone
		{9C3589BC-1AF8-4702-AAB2-DAB507D999A3}.Ad-Hoc|iPhone.Deploy.0 = Ad-Hoc|iPhone
		{9C3589BC-1AF8-4702-AAB2-DAB507D999A3}.Ad-Hoc|iPhoneSimulator.ActiveCfg = Ad-Hoc|iPhoneSimulator
		{9C3589BC-1AF8-4702-AAB2-DAB507D999A3}.Ad-Hoc|iPhoneSimulator.Build.0 = Ad-Hoc|iPhoneSimulator
		{9C3589BC-1AF8-4702-AAB2-DAB507D999A3}.Ad-Hoc|iPhoneSimulator.Deploy.0 = Ad-Hoc|iPhoneSimulator
		{9C3589BC-1AF8-4702-AAB2-DAB507D999A3}.Ad-Hoc|x64.ActiveCfg = Ad-Hoc|iPhone
		{9C3589BC-1AF8-4702-AAB2-DAB507D999A3}.Ad-Hoc|x64.Build.0 = Ad-Hoc|iPhone
		{9C3589BC-1AF8-4702-AAB2-DAB507D999A3}.Ad-Hoc|x64.Deploy.0 = Ad-Hoc|iPhone
		{9C3589BC-1AF8-4702-AAB2-DAB507D999A3}.Ad-Hoc|x86.ActiveCfg = Ad-Hoc|iPhone
		{9C3589BC-1AF8-4702-AAB2-DAB507D999A3}.Ad-Hoc|x86.Build.0 = Ad-Hoc|iPhone
		{9C3589BC-1AF8-4702-AAB2-DAB507D999A3}.Ad-Hoc|x86.Deploy.0 = Ad-Hoc|iPhone
		{9C3589BC-1AF8-4702-AAB2-DAB507D999A3}.AppStore|Any CPU.ActiveCfg = AppStore|iPhone
		{9C3589BC-1AF8-4702-AAB2-DAB507D999A3}.AppStore|Any CPU.Build.0 = AppStore|iPhone
		{9C3589BC-1AF8-4702-AAB2-DAB507D999A3}.AppStore|Any CPU.Deploy.0 = AppStore|iPhone
		{9C3589BC-1AF8-4702-AAB2-DAB507D999A3}.AppStore|ARM.ActiveCfg = AppStore|iPhone
		{9C3589BC-1AF8-4702-AAB2-DAB507D999A3}.AppStore|ARM.Build.0 = AppStore|iPhone
		{9C3589BC-1AF8-4702-AAB2-DAB507D999A3}.AppStore|ARM.Deploy.0 = AppStore|iPhone
		{9C3589BC-1AF8-4702-AAB2-DAB507D999A3}.AppStore|iPhone.ActiveCfg = AppStore|iPhone
		{9C3589BC-1AF8-4702-AAB2-DAB507D999A3}.AppStore|iPhone.Build.0 = AppStore|iPhone
		{9C3589BC-1AF8-4702-AAB2-DAB507D999A3}.AppStore|iPhone.Deploy.0 = AppStore|iPhone
		{9C3589BC-1AF8-4702-AAB2-DAB507D999A3}.AppStore|iPhoneSimulator.ActiveCfg = AppStore|iPhoneSimulator
		{9C3589BC-1AF8-4702-AAB2-DAB507D999A3}.AppStore|iPhoneSimulator.Build.0 = AppStore|iPhoneSimulator
		{9C3589BC-1AF8-4702-AAB2-DAB507D999A3}.AppStore|iPhoneSimulator.Deploy.0 = AppStore|iPhoneSimulator
		{9C3589BC-1AF8-4702-AAB2-DAB507D999A3}.AppStore|x64.ActiveCfg = AppStore|iPhone
		{9C3589BC-1AF8-4702-AAB2-DAB507D999A3}.AppStore|x64.Build.0 = AppStore|iPhone
		{9C3589BC-1AF8-4702-AAB2-DAB507D999A3}.AppStore|x64.Deploy.0 = AppStore|iPhone
		{9C3589BC-1AF8-4702-AAB2-DAB507D999A3}.AppStore|x86.ActiveCfg = AppStore|iPhone
		{9C3589BC-1AF8-4702-AAB2-DAB507D999A3}.AppStore|x86.Build.0 = AppStore|iPhone
		{9C3589BC-1AF8-4702-AAB2-DAB507D999A3}.AppStore|x86.Deploy.0 = AppStore|iPhone
		{9C3589BC-1AF8-4702-AAB2-DAB507D999A3}.Debug|Any CPU.ActiveCfg = Debug|iPhoneSimulator
		{9C3589BC-1AF8-4702-AAB2-DAB507D999A3}.Debug|Any CPU.Build.0 = Debug|iPhoneSimulator
		{9C3589BC-1AF8-4702-AAB2-DAB507D999A3}.Debug|Any CPU.Deploy.0 = Debug|iPhoneSimulator
		{9C3589BC-1AF8-4702-AAB2-DAB507D999A3}.Debug|ARM.ActiveCfg = Debug|iPhone
		{9C3589BC-1AF8-4702-AAB2-DAB507D999A3}.Debug|ARM.Build.0 = Debug|iPhone
		{9C3589BC-1AF8-4702-AAB2-DAB507D999A3}.Debug|ARM.Deploy.0 = Debug|iPhone
		{9C3589BC-1AF8-4702-AAB2-DAB507D999A3}.Debug|iPhone.ActiveCfg = Debug|iPhone
		{9C3589BC-1AF8-4702-AAB2-DAB507D999A3}.Debug|iPhone.Build.0 = Debug|iPhone
		{9C3589BC-1AF8-4702-AAB2-DAB507D999A3}.Debug|iPhone.Deploy.0 = Debug|iPhone
		{9C3589BC-1AF8-4702-AAB2-DAB507D999A3}.Debug|iPhoneSimulator.ActiveCfg = Debug|iPhoneSimulator
		{9C3589BC-1AF8-4702-AAB2-DAB507D999A3}.Debug|iPhoneSimulator.Build.0 = Debug|iPhoneSimulator
		{9C3589BC-1AF8-4702-AAB2-DAB507D999A3}.Debug|iPhoneSimulator.Deploy.0 = Debug|iPhoneSimulator
		{9C3589BC-1AF8-4702-AAB2-DAB507D999A3}.Debug|x64.ActiveCfg = Debug|iPhone
		{9C3589BC-1AF8-4702-AAB2-DAB507D999A3}.Debug|x64.Build.0 = Debug|iPhone
		{9C3589BC-1AF8-4702-AAB2-DAB507D999A3}.Debug|x64.Deploy.0 = Debug|iPhone
		{9C3589BC-1AF8-4702-AAB2-DAB507D999A3}.Debug|x86.ActiveCfg = Debug|iPhone
		{9C3589BC-1AF8-4702-AAB2-DAB507D999A3}.Debug|x86.Build.0 = Debug|iPhone
		{9C3589BC-1AF8-4702-AAB2-DAB507D999A3}.Debug|x86.Deploy.0 = Debug|iPhone
		{9C3589BC-1AF8-4702-AAB2-DAB507D999A3}.Release|Any CPU.ActiveCfg = Release|iPhone
		{9C3589BC-1AF8-4702-AAB2-DAB507D999A3}.Release|Any CPU.Build.0 = Release|iPhone
		{9C3589BC-1AF8-4702-AAB2-DAB507D999A3}.Release|Any CPU.Deploy.0 = Release|iPhone
		{9C3589BC-1AF8-4702-AAB2-DAB507D999A3}.Release|ARM.ActiveCfg = Release|iPhone
		{9C3589BC-1AF8-4702-AAB2-DAB507D999A3}.Release|ARM.Build.0 = Release|iPhone
		{9C3589BC-1AF8-4702-AAB2-DAB507D999A3}.Release|ARM.Deploy.0 = Release|iPhone
		{9C3589BC-1AF8-4702-AAB2-DAB507D999A3}.Release|iPhone.ActiveCfg = Release|iPhone
		{9C3589BC-1AF8-4702-AAB2-DAB507D999A3}.Release|iPhone.Build.0 = Release|iPhone
		{9C3589BC-1AF8-4702-AAB2-DAB507D999A3}.Release|iPhone.Deploy.0 = Release|iPhone
		{9C3589BC-1AF8-4702-AAB2-DAB507D999A3}.Release|iPhoneSimulator.ActiveCfg = Release|iPhoneSimulator
		{9C3589BC-1AF8-4702-AAB2-DAB507D999A3}.Release|iPhoneSimulator.Build.0 = Release|iPhoneSimulator
		{9C3589BC-1AF8-4702-AAB2-DAB507D999A3}.Release|iPhoneSimulator.Deploy.0 = Release|iPhoneSimulator
		{9C3589BC-1AF8-4702-AAB2-DAB507D999A3}.Release|x64.ActiveCfg = Release|iPhone
		{9C3589BC-1AF8-4702-AAB2-DAB507D999A3}.Release|x64.Build.0 = Release|iPhone
		{9C3589BC-1AF8-4702-AAB2-DAB507D999A3}.Release|x64.Deploy.0 = Release|iPhone
		{9C3589BC-1AF8-4702-AAB2-DAB507D999A3}.Release|x86.ActiveCfg = Release|iPhone
		{9C3589BC-1AF8-4702-AAB2-DAB507D999A3}.Release|x86.Build.0 = Release|iPhone
		{9C3589BC-1AF8-4702-AAB2-DAB507D999A3}.Release|x86.Deploy.0 = Release|iPhone
		{2710574A-078F-4578-80A3-AD2FDD040EB4}.Ad-Hoc|Any CPU.ActiveCfg = Release|x86
		{2710574A-078F-4578-80A3-AD2FDD040EB4}.Ad-Hoc|Any CPU.Build.0 = Release|x86
		{2710574A-078F-4578-80A3-AD2FDD040EB4}.Ad-Hoc|Any CPU.Deploy.0 = Release|x86
		{2710574A-078F-4578-80A3-AD2FDD040EB4}.Ad-Hoc|ARM.ActiveCfg = Release|ARM
		{2710574A-078F-4578-80A3-AD2FDD040EB4}.Ad-Hoc|ARM.Build.0 = Release|ARM
		{2710574A-078F-4578-80A3-AD2FDD040EB4}.Ad-Hoc|ARM.Deploy.0 = Release|ARM
		{2710574A-078F-4578-80A3-AD2FDD040EB4}.Ad-Hoc|iPhone.ActiveCfg = Release|x86
		{2710574A-078F-4578-80A3-AD2FDD040EB4}.Ad-Hoc|iPhone.Build.0 = Release|x86
		{2710574A-078F-4578-80A3-AD2FDD040EB4}.Ad-Hoc|iPhone.Deploy.0 = Release|x86
		{2710574A-078F-4578-80A3-AD2FDD040EB4}.Ad-Hoc|iPhoneSimulator.ActiveCfg = Release|x86
		{2710574A-078F-4578-80A3-AD2FDD040EB4}.Ad-Hoc|iPhoneSimulator.Build.0 = Release|x86
		{2710574A-078F-4578-80A3-AD2FDD040EB4}.Ad-Hoc|iPhoneSimulator.Deploy.0 = Release|x86
		{2710574A-078F-4578-80A3-AD2FDD040EB4}.Ad-Hoc|x64.ActiveCfg = Release|x64
		{2710574A-078F-4578-80A3-AD2FDD040EB4}.Ad-Hoc|x64.Build.0 = Release|x64
		{2710574A-078F-4578-80A3-AD2FDD040EB4}.Ad-Hoc|x64.Deploy.0 = Release|x64
		{2710574A-078F-4578-80A3-AD2FDD040EB4}.Ad-Hoc|x86.ActiveCfg = Release|x86
		{2710574A-078F-4578-80A3-AD2FDD040EB4}.Ad-Hoc|x86.Build.0 = Release|x86
		{2710574A-078F-4578-80A3-AD2FDD040EB4}.Ad-Hoc|x86.Deploy.0 = Release|x86
		{2710574A-078F-4578-80A3-AD2FDD040EB4}.AppStore|Any CPU.ActiveCfg = Release|x86
		{2710574A-078F-4578-80A3-AD2FDD040EB4}.AppStore|Any CPU.Build.0 = Release|x86
		{2710574A-078F-4578-80A3-AD2FDD040EB4}.AppStore|Any CPU.Deploy.0 = Release|x86
		{2710574A-078F-4578-80A3-AD2FDD040EB4}.AppStore|ARM.ActiveCfg = Release|ARM
		{2710574A-078F-4578-80A3-AD2FDD040EB4}.AppStore|ARM.Build.0 = Release|ARM
		{2710574A-078F-4578-80A3-AD2FDD040EB4}.AppStore|ARM.Deploy.0 = Release|ARM
		{2710574A-078F-4578-80A3-AD2FDD040EB4}.AppStore|iPhone.ActiveCfg = Release|x86
		{2710574A-078F-4578-80A3-AD2FDD040EB4}.AppStore|iPhone.Build.0 = Release|x86
		{2710574A-078F-4578-80A3-AD2FDD040EB4}.AppStore|iPhone.Deploy.0 = Release|x86
		{2710574A-078F-4578-80A3-AD2FDD040EB4}.AppStore|iPhoneSimulator.ActiveCfg = Release|x86
		{2710574A-078F-4578-80A3-AD2FDD040EB4}.AppStore|iPhoneSimulator.Build.0 = Release|x86
		{2710574A-078F-4578-80A3-AD2FDD040EB4}.AppStore|iPhoneSimulator.Deploy.0 = Release|x86
		{2710574A-078F-4578-80A3-AD2FDD040EB4}.AppStore|x64.ActiveCfg = Release|x64
		{2710574A-078F-4578-80A3-AD2FDD040EB4}.AppStore|x64.Build.0 = Release|x64
		{2710574A-078F-4578-80A3-AD2FDD040EB4}.AppStore|x64.Deploy.0 = Release|x64
		{2710574A-078F-4578-80A3-AD2FDD040EB4}.AppStore|x86.ActiveCfg = Release|x86
		{2710574A-078F-4578-80A3-AD2FDD040EB4}.AppStore|x86.Build.0 = Release|x86
		{2710574A-078F-4578-80A3-AD2FDD040EB4}.AppStore|x86.Deploy.0 = Release|x86
		{2710574A-078F-4578-80A3-AD2FDD040EB4}.Debug|Any CPU.ActiveCfg = Debug|x86
		{2710574A-078F-4578-80A3-AD2FDD040EB4}.Debug|Any CPU.Build.0 = Debug|x86
		{2710574A-078F-4578-80A3-AD2FDD040EB4}.Debug|Any CPU.Deploy.0 = Debug|x86
		{2710574A-078F-4578-80A3-AD2FDD040EB4}.Debug|ARM.ActiveCfg = Debug|ARM
		{2710574A-078F-4578-80A3-AD2FDD040EB4}.Debug|ARM.Build.0 = Debug|ARM
		{2710574A-078F-4578-80A3-AD2FDD040EB4}.Debug|ARM.Deploy.0 = Debug|ARM
		{2710574A-078F-4578-80A3-AD2FDD040EB4}.Debug|iPhone.ActiveCfg = Debug|x86
		{2710574A-078F-4578-80A3-AD2FDD040EB4}.Debug|iPhone.Build.0 = Debug|x86
		{2710574A-078F-4578-80A3-AD2FDD040EB4}.Debug|iPhone.Deploy.0 = Debug|x86
		{2710574A-078F-4578-80A3-AD2FDD040EB4}.Debug|iPhoneSimulator.ActiveCfg = Debug|x86
		{2710574A-078F-4578-80A3-AD2FDD040EB4}.Debug|iPhoneSimulator.Build.0 = Debug|x86
		{2710574A-078F-4578-80A3-AD2FDD040EB4}.Debug|iPhoneSimulator.Deploy.0 = Debug|x86
		{2710574A-078F-4578-80A3-AD2FDD040EB4}.Debug|x64.ActiveCfg = Debug|x64
		{2710574A-078F-4578-80A3-AD2FDD040EB4}.Debug|x64.Build.0 = Debug|x64
		{2710574A-078F-4578-80A3-AD2FDD040EB4}.Debug|x64.Deploy.0 = Debug|x64
		{2710574A-078F-4578-80A3-AD2FDD040EB4}.Debug|x86.ActiveCfg = Debug|x86
		{2710574A-078F-4578-80A3-AD2FDD040EB4}.Debug|x86.Build.0 = Debug|x86
		{2710574A-078F-4578-80A3-AD2FDD040EB4}.Debug|x86.Deploy.0 = Debug|x86
		{2710574A-078F-4578-80A3-AD2FDD040EB4}.Release|Any CPU.ActiveCfg = Release|x86
		{2710574A-078F-4578-80A3-AD2FDD040EB4}.Release|Any CPU.Build.0 = Release|x86
		{2710574A-078F-4578-80A3-AD2FDD040EB4}.Release|Any CPU.Deploy.0 = Release|x86
		{2710574A-078F-4578-80A3-AD2FDD040EB4}.Release|ARM.ActiveCfg = Release|ARM
		{2710574A-078F-4578-80A3-AD2FDD040EB4}.Release|ARM.Build.0 = Release|ARM
		{2710574A-078F-4578-80A3-AD2FDD040EB4}.Release|ARM.Deploy.0 = Release|ARM
		{2710574A-078F-4578-80A3-AD2FDD040EB4}.Release|iPhone.ActiveCfg = Release|x86
		{2710574A-078F-4578-80A3-AD2FDD040EB4}.Release|iPhone.Build.0 = Release|x86
		{2710574A-078F-4578-80A3-AD2FDD040EB4}.Release|iPhone.Deploy.0 = Release|x86
		{2710574A-078F-4578-80A3-AD2FDD040EB4}.Release|iPhoneSimulator.ActiveCfg = Release|x86
		{2710574A-078F-4578-80A3-AD2FDD040EB4}.Release|iPhoneSimulator.Build.0 = Release|x86
		{2710574A-078F-4578-80A3-AD2FDD040EB4}.Release|iPhoneSimulator.Deploy.0 = Release|x86
		{2710574A-078F-4578-80A3-AD2FDD040EB4}.Release|x64.ActiveCfg = Release|x64
		{2710574A-078F-4578-80A3-AD2FDD040EB4}.Release|x64.Build.0 = Release|x64
		{2710574A-078F-4578-80A3-AD2FDD040EB4}.Release|x64.Deploy.0 = Release|x64
		{2710574A-078F-4578-80A3-AD2FDD040EB4}.Release|x86.ActiveCfg = Release|x86
		{2710574A-078F-4578-80A3-AD2FDD040EB4}.Release|x86.Build.0 = Release|x86
		{2710574A-078F-4578-80A3-AD2FDD040EB4}.Release|x86.Deploy.0 = Release|x86
		{EBF60CFE-5A89-4D0F-B65C-0440ED8075D4}.Ad-Hoc|Any CPU.ActiveCfg = Debug|Any CPU
		{EBF60CFE-5A89-4D0F-B65C-0440ED8075D4}.Ad-Hoc|Any CPU.Build.0 = Debug|Any CPU
		{EBF60CFE-5A89-4D0F-B65C-0440ED8075D4}.Ad-Hoc|Any CPU.Deploy.0 = Debug|Any CPU
		{EBF60CFE-5A89-4D0F-B65C-0440ED8075D4}.Ad-Hoc|ARM.ActiveCfg = Debug|Any CPU
		{EBF60CFE-5A89-4D0F-B65C-0440ED8075D4}.Ad-Hoc|ARM.Build.0 = Debug|Any CPU
		{EBF60CFE-5A89-4D0F-B65C-0440ED8075D4}.Ad-Hoc|ARM.Deploy.0 = Debug|Any CPU
		{EBF60CFE-5A89-4D0F-B65C-0440ED8075D4}.Ad-Hoc|iPhone.ActiveCfg = Debug|Any CPU
		{EBF60CFE-5A89-4D0F-B65C-0440ED8075D4}.Ad-Hoc|iPhone.Build.0 = Debug|Any CPU
		{EBF60CFE-5A89-4D0F-B65C-0440ED8075D4}.Ad-Hoc|iPhone.Deploy.0 = Debug|Any CPU
		{EBF60CFE-5A89-4D0F-B65C-0440ED8075D4}.Ad-Hoc|iPhoneSimulator.ActiveCfg = Debug|Any CPU
		{EBF60CFE-5A89-4D0F-B65C-0440ED8075D4}.Ad-Hoc|iPhoneSimulator.Build.0 = Debug|Any CPU
		{EBF60CFE-5A89-4D0F-B65C-0440ED8075D4}.Ad-Hoc|iPhoneSimulator.Deploy.0 = Debug|Any CPU
		{EBF60CFE-5A89-4D0F-B65C-0440ED8075D4}.Ad-Hoc|x64.ActiveCfg = Debug|Any CPU
		{EBF60CFE-5A89-4D0F-B65C-0440ED8075D4}.Ad-Hoc|x64.Build.0 = Debug|Any CPU
		{EBF60CFE-5A89-4D0F-B65C-0440ED8075D4}.Ad-Hoc|x64.Deploy.0 = Debug|Any CPU
		{EBF60CFE-5A89-4D0F-B65C-0440ED8075D4}.Ad-Hoc|x86.ActiveCfg = Debug|Any CPU
		{EBF60CFE-5A89-4D0F-B65C-0440ED8075D4}.Ad-Hoc|x86.Build.0 = Debug|Any CPU
		{EBF60CFE-5A89-4D0F-B65C-0440ED8075D4}.Ad-Hoc|x86.Deploy.0 = Debug|Any CPU
		{EBF60CFE-5A89-4D0F-B65C-0440ED8075D4}.AppStore|Any CPU.ActiveCfg = Debug|Any CPU
		{EBF60CFE-5A89-4D0F-B65C-0440ED8075D4}.AppStore|Any CPU.Build.0 = Debug|Any CPU
		{EBF60CFE-5A89-4D0F-B65C-0440ED8075D4}.AppStore|Any CPU.Deploy.0 = Debug|Any CPU
		{EBF60CFE-5A89-4D0F-B65C-0440ED8075D4}.AppStore|ARM.ActiveCfg = Debug|Any CPU
		{EBF60CFE-5A89-4D0F-B65C-0440ED8075D4}.AppStore|ARM.Build.0 = Debug|Any CPU
		{EBF60CFE-5A89-4D0F-B65C-0440ED8075D4}.AppStore|ARM.Deploy.0 = Debug|Any CPU
		{EBF60CFE-5A89-4D0F-B65C-0440ED8075D4}.AppStore|iPhone.ActiveCfg = Debug|Any CPU
		{EBF60CFE-5A89-4D0F-B65C-0440ED8075D4}.AppStore|iPhone.Build.0 = Debug|Any CPU
		{EBF60CFE-5A89-4D0F-B65C-0440ED8075D4}.AppStore|iPhone.Deploy.0 = Debug|Any CPU
		{EBF60CFE-5A89-4D0F-B65C-0440ED8075D4}.AppStore|iPhoneSimulator.ActiveCfg = Debug|Any CPU
		{EBF60CFE-5A89-4D0F-B65C-0440ED8075D4}.AppStore|iPhoneSimulator.Build.0 = Debug|Any CPU
		{EBF60CFE-5A89-4D0F-B65C-0440ED8075D4}.AppStore|iPhoneSimulator.Deploy.0 = Debug|Any CPU
		{EBF60CFE-5A89-4D0F-B65C-0440ED8075D4}.AppStore|x64.ActiveCfg = Debug|Any CPU
		{EBF60CFE-5A89-4D0F-B65C-0440ED8075D4}.AppStore|x64.Build.0 = Debug|Any CPU
		{EBF60CFE-5A89-4D0F-B65C-0440ED8075D4}.AppStore|x64.Deploy.0 = Debug|Any CPU
		{EBF60CFE-5A89-4D0F-B65C-0440ED8075D4}.AppStore|x86.ActiveCfg = Debug|Any CPU
		{EBF60CFE-5A89-4D0F-B65C-0440ED8075D4}.AppStore|x86.Build.0 = Debug|Any CPU
		{EBF60CFE-5A89-4D0F-B65C-0440ED8075D4}.AppStore|x86.Deploy.0 = Debug|Any CPU
		{EBF60CFE-5A89-4D0F-B65C-0440ED8075D4}.Debug|Any CPU.ActiveCfg = Debug|Any CPU
		{EBF60CFE-5A89-4D0F-B65C-0440ED8075D4}.Debug|Any CPU.Build.0 = Debug|Any CPU
		{EBF60CFE-5A89-4D0F-B65C-0440ED8075D4}.Debug|Any CPU.Deploy.0 = Debug|Any CPU
		{EBF60CFE-5A89-4D0F-B65C-0440ED8075D4}.Debug|ARM.ActiveCfg = Debug|Any CPU
		{EBF60CFE-5A89-4D0F-B65C-0440ED8075D4}.Debug|ARM.Build.0 = Debug|Any CPU
		{EBF60CFE-5A89-4D0F-B65C-0440ED8075D4}.Debug|ARM.Deploy.0 = Debug|Any CPU
		{EBF60CFE-5A89-4D0F-B65C-0440ED8075D4}.Debug|iPhone.ActiveCfg = Debug|Any CPU
		{EBF60CFE-5A89-4D0F-B65C-0440ED8075D4}.Debug|iPhone.Build.0 = Debug|Any CPU
		{EBF60CFE-5A89-4D0F-B65C-0440ED8075D4}.Debug|iPhone.Deploy.0 = Debug|Any CPU
		{EBF60CFE-5A89-4D0F-B65C-0440ED8075D4}.Debug|iPhoneSimulator.ActiveCfg = Debug|Any CPU
		{EBF60CFE-5A89-4D0F-B65C-0440ED8075D4}.Debug|iPhoneSimulator.Build.0 = Debug|Any CPU
		{EBF60CFE-5A89-4D0F-B65C-0440ED8075D4}.Debug|iPhoneSimulator.Deploy.0 = Debug|Any CPU
		{EBF60CFE-5A89-4D0F-B65C-0440ED8075D4}.Debug|x64.ActiveCfg = Debug|Any CPU
		{EBF60CFE-5A89-4D0F-B65C-0440ED8075D4}.Debug|x64.Build.0 = Debug|Any CPU
		{EBF60CFE-5A89-4D0F-B65C-0440ED8075D4}.Debug|x64.Deploy.0 = Debug|Any CPU
		{EBF60CFE-5A89-4D0F-B65C-0440ED8075D4}.Debug|x86.ActiveCfg = Debug|Any CPU
		{EBF60CFE-5A89-4D0F-B65C-0440ED8075D4}.Debug|x86.Build.0 = Debug|Any CPU
		{EBF60CFE-5A89-4D0F-B65C-0440ED8075D4}.Debug|x86.Deploy.0 = Debug|Any CPU
		{EBF60CFE-5A89-4D0F-B65C-0440ED8075D4}.Release|Any CPU.ActiveCfg = Release|Any CPU
		{EBF60CFE-5A89-4D0F-B65C-0440ED8075D4}.Release|Any CPU.Build.0 = Release|Any CPU
		{EBF60CFE-5A89-4D0F-B65C-0440ED8075D4}.Release|Any CPU.Deploy.0 = Release|Any CPU
		{EBF60CFE-5A89-4D0F-B65C-0440ED8075D4}.Release|ARM.ActiveCfg = Release|Any CPU
		{EBF60CFE-5A89-4D0F-B65C-0440ED8075D4}.Release|ARM.Build.0 = Release|Any CPU
		{EBF60CFE-5A89-4D0F-B65C-0440ED8075D4}.Release|ARM.Deploy.0 = Release|Any CPU
		{EBF60CFE-5A89-4D0F-B65C-0440ED8075D4}.Release|iPhone.ActiveCfg = Release|Any CPU
		{EBF60CFE-5A89-4D0F-B65C-0440ED8075D4}.Release|iPhone.Build.0 = Release|Any CPU
		{EBF60CFE-5A89-4D0F-B65C-0440ED8075D4}.Release|iPhone.Deploy.0 = Release|Any CPU
		{EBF60CFE-5A89-4D0F-B65C-0440ED8075D4}.Release|iPhoneSimulator.ActiveCfg = Release|Any CPU
		{EBF60CFE-5A89-4D0F-B65C-0440ED8075D4}.Release|iPhoneSimulator.Build.0 = Release|Any CPU
		{EBF60CFE-5A89-4D0F-B65C-0440ED8075D4}.Release|iPhoneSimulator.Deploy.0 = Release|Any CPU
		{EBF60CFE-5A89-4D0F-B65C-0440ED8075D4}.Release|x64.ActiveCfg = Release|Any CPU
		{EBF60CFE-5A89-4D0F-B65C-0440ED8075D4}.Release|x64.Build.0 = Release|Any CPU
		{EBF60CFE-5A89-4D0F-B65C-0440ED8075D4}.Release|x64.Deploy.0 = Release|Any CPU
		{EBF60CFE-5A89-4D0F-B65C-0440ED8075D4}.Release|x86.ActiveCfg = Release|Any CPU
		{EBF60CFE-5A89-4D0F-B65C-0440ED8075D4}.Release|x86.Build.0 = Release|Any CPU
		{EBF60CFE-5A89-4D0F-B65C-0440ED8075D4}.Release|x86.Deploy.0 = Release|Any CPU
	EndGlobalSection
	GlobalSection(SolutionProperties) = preSolution
		HideSolutionNode = FALSE
	EndGlobalSection
	GlobalSection(ExtensibilityGlobals) = postSolution
		SolutionGuid = {D70D7C98-BA6A-4971-8468-48B905EFF94F}
	EndGlobalSection
EndGlobal
